<?xml version="1.0" encoding="utf-8"?>
<Project ToolsVersion="4.0" xmlns="http://schemas.microsoft.com/developer/msbuild/2003">
  <ItemGroup>
    <Filter Include="Source Files">
      <UniqueIdentifier>{4FC737F1-C7A5-4376-A066-2A32D752A2FF}</UniqueIdentifier>
      <Extensions>cpp;c;cc;cxx;c++;def;odl;idl;hpj;bat;asm;asmx</Extensions>
    </Filter>
    <Filter Include="Header Files">
      <UniqueIdentifier>{93995380-89BD-4b04-88EB-625FBE52EBFB}</UniqueIdentifier>
      <Extensions>h;hh;hpp;hxx;h++;hm;inl;inc;ipp;xsd</Extensions>
    </Filter>
    <Filter Include="Resource Files">
      <UniqueIdentifier>{67DA6AB6-F800-4c08-8B7A-83BB121AAD01}</UniqueIdentifier>
      <Extensions>rc;ico;cur;bmp;dlg;rc2;rct;bin;rgs;gif;jpg;jpeg;jpe;resx;tiff;tif;png;wav;mfcribbon-ms</Extensions>
    </Filter>
    <Filter Include="Header Files\DisplayWindow">
      <UniqueIdentifier>{5a47162d-54b7-45b1-a6e1-dedd74c6ccc3}</UniqueIdentifier>
    </Filter>
    <Filter Include="Source Files\DisplayWindow">
      <UniqueIdentifier>{625fb6ec-8415-4762-8f7d-31ebda2f9fbe}</UniqueIdentifier>
    </Filter>
  </ItemGroup>
  <ItemGroup>
    <ResourceCompile Include="i3_emu.rc">
      <Filter>Resource Files</Filter>
    </ResourceCompile>
  </ItemGroup>
  <ItemGroup>
    <ClInclude Include="include\App.h">
      <Filter>Header Files</Filter>
    </ClInclude>
    <ClInclude Include="include\AppInst.h">
      <Filter>Header Files</Filter>
    </ClInclude>
    <ClInclude Include="include\boost_utils.h">
      <Filter>Header Files</Filter>
    </ClInclude>
    <ClInclude Include="include\DataContainer.h">
      <Filter>Header Files</Filter>
    </ClInclude>
    <ClInclude Include="include\framework.h">
      <Filter>Header Files</Filter>
    </ClInclude>
    <ClInclude Include="include\GlobalConfig.h">
      <Filter>Header Files</Filter>
    </ClInclude>
    <ClInclude Include="include\i3_emu.h">
      <Filter>Header Files</Filter>
    </ClInclude>
    <ClInclude Include="include\pch.h">
      <Filter>Header Files</Filter>
    </ClInclude>
    <ClInclude Include="include\Resource.h">
      <Filter>Header Files</Filter>
    </ClInclude>
    <ClInclude Include="include\str_utils.h">
      <Filter>Header Files</Filter>
    </ClInclude>
    <ClInclude Include="include\targetver.h">
      <Filter>Header Files</Filter>
    </ClInclude>
    <ClInclude Include="include\win32_utils.h">
      <Filter>Header Files</Filter>
    </ClInclude>
    <ClInclude Include="DisplayWindow\include\Window.h">
      <Filter>Header Files\DisplayWindow</Filter>
    </ClInclude>
    <ClInclude Include="DisplayWindow\include\Workspace.h">
      <Filter>Header Files\DisplayWindow</Filter>
    </ClInclude>
    <ClInclude Include="DisplayWindow\include\Horizontal.h">
      <Filter>Header Files\DisplayWindow</Filter>
    </ClInclude>
    <ClInclude Include="DisplayWindow\include\Tabbed.h">
      <Filter>Header Files\DisplayWindow</Filter>
    </ClInclude>
    <ClInclude Include="DisplayWindow\include\Vertical.h">
      <Filter>Header Files\DisplayWindow</Filter>
    </ClInclude>
    <ClInclude Include="DisplayWindow\include\Component.h">
      <Filter>Header Files\DisplayWindow</Filter>
    </ClInclude>
    <ClInclude Include="DisplayWindow\include\Composite.h">
      <Filter>Header Files\DisplayWindow</Filter>
    </ClInclude>
    <ClInclude Include="DisplayWindow\include\Monitor.h">
      <Filter>Header Files\DisplayWindow</Filter>
    </ClInclude>
    <ClInclude Include="DisplayWindow\include\Rect.h">
      <Filter>Header Files\DisplayWindow</Filter>
    </ClInclude>
    <ClInclude Include="include\win32debug_utils.h">
      <Filter>Header Files</Filter>
    </ClInclude>
    <ClInclude Include="DisplayWindow\include\Taskbar.h">
      <Filter>Header Files\DisplayWindow</Filter>
    </ClInclude>
  </ItemGroup>
  <ItemGroup>
    <ClCompile Include="src\App.cpp">
      <Filter>Source Files</Filter>
    </ClCompile>
    <ClCompile Include="src\AppInst.cpp">
      <Filter>Source Files</Filter>
    </ClCompile>
    <ClCompile Include="src\DataContainer.cpp">
      <Filter>Source Files</Filter>
    </ClCompile>
    <ClCompile Include="src\GlobalConfig.cpp">
      <Filter>Source Files</Filter>
    </ClCompile>
    <ClCompile Include="src\i3_emu.cpp">
      <Filter>Source Files</Filter>
    </ClCompile>
    <ClCompile Include="src\pch.cpp">
      <Filter>Source Files</Filter>
    </ClCompile>
    <ClCompile Include="DisplayWindow\src\Workspace.cpp">
      <Filter>Source Files\DisplayWindow</Filter>
    </ClCompile>
    <ClCompile Include="DisplayWindow\src\Component.cpp">
      <Filter>Source Files\DisplayWindow</Filter>
    </ClCompile>
    <ClCompile Include="DisplayWindow\src\Tabbed.cpp">
      <Filter>Source Files\DisplayWindow</Filter>
    </ClCompile>
    <ClCompile Include="DisplayWindow\src\Window.cpp">
      <Filter>Source Files\DisplayWindow</Filter>
    </ClCompile>
    <ClCompile Include="DisplayWindow\src\Composite.cpp">
      <Filter>Source Files\DisplayWindow</Filter>
    </ClCompile>
    <ClCompile Include="DisplayWindow\src\Rect.cpp">
      <Filter>Source Files\DisplayWindow</Filter>
    </ClCompile>
    <ClCompile Include="DisplayWindow\src\Horizontal.cpp">
      <Filter>Source Files\DisplayWindow</Filter>
    </ClCompile>
    <ClCompile Include="DisplayWindow\src\Monitor.cpp">
      <Filter>Source Files\DisplayWindow</Filter>
    </ClCompile>
  </ItemGroup>
</Project>